{
  "R": {
    "Version": "4.2.1",
    "Repositories": [
      {
        "Name": "CRAN",
        "URL": "https://cran.rstudio.com"
      }
    ]
  },
  "Packages": {
    "BH": {
      "Package": "BH",
      "Version": "1.78.0-0",
      "Source": "Repository",
      "Repository": "CRAN",
      "Hash": "4e348572ffcaa2fb1e610e7a941f6f3a",
      "Requirements": []
    },
    "KernSmooth": {
      "Package": "KernSmooth",
      "Version": "2.23-20",
      "Source": "Repository",
      "Repository": "CRAN",
      "Hash": "8dcfa99b14c296bc9f1fd64d52fd3ce7",
      "Requirements": []
    },
    "MASS": {
      "Package": "MASS",
      "Version": "7.3-57",
      "Source": "Repository",
      "Repository": "CRAN",
      "Hash": "71476c1d88d1ebdf31580e5a257d5d31",
      "Requirements": []
    }
  }
}
 
